
Microsoft Visual Studio Solution File, Format Version 12.00
# Visual Studio Version 17
VisualStudioVersion = 17.3.32929.385
MinimumVisualStudioVersion = 10.0.40219.1
Project("{9A19103F-16F7-4668-BE54-9A1E7A4F7556}") = "PRN231_API", "PRN231_API\PRN231_API.csproj", "{07A58F17-5648-44C9-BF05-F19DF63F52F5}"
EndProject
Project("{9A19103F-16F7-4668-BE54-9A1E7A4F7556}") = "PRN231_FE", "PRN231_FE\PRN231_FE.csproj", "{81422873-8016-4D8C-9FF8-4E9ADFA468DD}"
EndProject
Global
	GlobalSection(SolutionConfigurationPlatforms) = preSolution
		Debug|Any CPU = Debug|Any CPU
		Release|Any CPU = Release|Any CPU
	EndGlobalSection
	GlobalSection(ProjectConfigurationPlatforms) = postSolution
		{07A58F17-5648-44C9-BF05-F19DF63F52F5}.Debug|Any CPU.ActiveCfg = Debug|Any CPU
		{07A58F17-5648-44C9-BF05-F19DF63F52F5}.Debug|Any CPU.Build.0 = Debug|Any CPU
		{07A58F17-5648-44C9-BF05-F19DF63F52F5}.Release|Any CPU.ActiveCfg = Release|Any CPU
		{07A58F17-5648-44C9-BF05-F19DF63F52F5}.Release|Any CPU.Build.0 = Release|Any CPU
		{81422873-8016-4D8C-9FF8-4E9ADFA468DD}.Debug|Any CPU.ActiveCfg = Debug|Any CPU
		{81422873-8016-4D8C-9FF8-4E9ADFA468DD}.Debug|Any CPU.Build.0 = Debug|Any CPU
		{81422873-8016-4D8C-9FF8-4E9ADFA468DD}.Release|Any CPU.ActiveCfg = Release|Any CPU
		{81422873-8016-4D8C-9FF8-4E9ADFA468DD}.Release|Any CPU.Build.0 = Release|Any CPU
	EndGlobalSection
	GlobalSection(SolutionProperties) = preSolution
		HideSolutionNode = FALSE
	EndGlobalSection
	GlobalSection(ExtensibilityGlobals) = postSolution
		SolutionGuid = {5BDC53ED-79D4-4CD1-8DA3-4FF14D0AE551}
	EndGlobalSection
EndGlobal
